
Microsoft Visual Studio Solution File, Format Version 12.00
# Visual Studio 2013
VisualStudioVersion = 12.0.21005.1
MinimumVisualStudioVersion = 10.0.40219.1
Project("{FAE04EC0-301F-11D3-BF4B-00C04F79EFBC}") = "Minerva", "Minerva\Minerva.csproj", "{2835FDBA-96BA-4D5C-850D-A909BB12F4E3}"
	ProjectSection(ProjectDependencies) = postProject
		{B3DCC63E-CFD8-4355-85AF-C82AD655AEF1} = {B3DCC63E-CFD8-4355-85AF-C82AD655AEF1}
	EndProjectSection
EndProject
Project("{2150E333-8FDC-42A3-9474-1A3956D46DE8}") = "Solution Items", "Solution Items", "{8948764E-424A-4791-8614-E54C7C42212B}"
EndProject
Project("{FAE04EC0-301F-11D3-BF4B-00C04F79EFBC}") = "Minerva.Entities", "Minerva.Entities\Minerva.Entities.csproj", "{07266EF2-27F2-40BD-A643-BF0EB07B9374}"
EndProject
Project("{FAE04EC0-301F-11D3-BF4B-00C04F79EFBC}") = "Minerva.Logic", "Minerva.Logic\Minerva.Logic.csproj", "{F0718202-3BE8-4B23-93A9-D6A1A8BA7A03}"
EndProject
Project("{FAE04EC0-301F-11D3-BF4B-00C04F79EFBC}") = "Minerva.Models", "Minerva.Models\Minerva.Models.csproj", "{34A528C1-F30E-4663-9BCE-6CE2F1689B90}"
EndProject
Project("{FAE04EC0-301F-11D3-BF4B-00C04F79EFBC}") = "Minerva.Services", "Minerva.Services\Minerva.Services.csproj", "{B3DCC63E-CFD8-4355-85AF-C82AD655AEF1}"
EndProject
Global
	GlobalSection(SolutionConfigurationPlatforms) = preSolution
		Debug|Any CPU = Debug|Any CPU
		Release|Any CPU = Release|Any CPU
	EndGlobalSection
	GlobalSection(ProjectConfigurationPlatforms) = postSolution
		{2835FDBA-96BA-4D5C-850D-A909BB12F4E3}.Debug|Any CPU.ActiveCfg = Debug|Any CPU
		{2835FDBA-96BA-4D5C-850D-A909BB12F4E3}.Debug|Any CPU.Build.0 = Debug|Any CPU
		{2835FDBA-96BA-4D5C-850D-A909BB12F4E3}.Release|Any CPU.ActiveCfg = Release|Any CPU
		{2835FDBA-96BA-4D5C-850D-A909BB12F4E3}.Release|Any CPU.Build.0 = Release|Any CPU
		{07266EF2-27F2-40BD-A643-BF0EB07B9374}.Debug|Any CPU.ActiveCfg = Debug|Any CPU
		{07266EF2-27F2-40BD-A643-BF0EB07B9374}.Debug|Any CPU.Build.0 = Debug|Any CPU
		{07266EF2-27F2-40BD-A643-BF0EB07B9374}.Release|Any CPU.ActiveCfg = Release|Any CPU
		{07266EF2-27F2-40BD-A643-BF0EB07B9374}.Release|Any CPU.Build.0 = Release|Any CPU
		{F0718202-3BE8-4B23-93A9-D6A1A8BA7A03}.Debug|Any CPU.ActiveCfg = Debug|Any CPU
		{F0718202-3BE8-4B23-93A9-D6A1A8BA7A03}.Debug|Any CPU.Build.0 = Debug|Any CPU
		{F0718202-3BE8-4B23-93A9-D6A1A8BA7A03}.Release|Any CPU.ActiveCfg = Release|Any CPU
		{F0718202-3BE8-4B23-93A9-D6A1A8BA7A03}.Release|Any CPU.Build.0 = Release|Any CPU
		{34A528C1-F30E-4663-9BCE-6CE2F1689B90}.Debug|Any CPU.ActiveCfg = Debug|Any CPU
		{34A528C1-F30E-4663-9BCE-6CE2F1689B90}.Debug|Any CPU.Build.0 = Debug|Any CPU
		{34A528C1-F30E-4663-9BCE-6CE2F1689B90}.Release|Any CPU.ActiveCfg = Release|Any CPU
		{34A528C1-F30E-4663-9BCE-6CE2F1689B90}.Release|Any CPU.Build.0 = Release|Any CPU
		{B3DCC63E-CFD8-4355-85AF-C82AD655AEF1}.Debug|Any CPU.ActiveCfg = Debug|Any CPU
		{B3DCC63E-CFD8-4355-85AF-C82AD655AEF1}.Debug|Any CPU.Build.0 = Debug|Any CPU
		{B3DCC63E-CFD8-4355-85AF-C82AD655AEF1}.Release|Any CPU.ActiveCfg = Release|Any CPU
		{B3DCC63E-CFD8-4355-85AF-C82AD655AEF1}.Release|Any CPU.Build.0 = Release|Any CPU
	EndGlobalSection
	GlobalSection(SolutionProperties) = preSolution
		HideSolutionNode = FALSE
	EndGlobalSection
EndGlobal
